
Microsoft Visual Studio Solution File, Format Version 12.00
# Visual Studio Version 17
VisualStudioVersion = 17.0.31903.59
MinimumVisualStudioVersion = 10.0.40219.1
Project("{9A19103F-16F7-4668-BE54-9A1E7A4F7556}") = "Day01", "Day01\Day01.csproj", "{D4290022-A22D-400E-9E1F-6C97CEE0B978}"
EndProject
Project("{9A19103F-16F7-4668-BE54-9A1E7A4F7556}") = "Day02", "Day02\Day02.csproj", "{B6F8CB2F-08B4-49DE-BF02-539022E33570}"
EndProject
Project("{9A19103F-16F7-4668-BE54-9A1E7A4F7556}") = "Day03", "Day03\Day03.csproj", "{4AED3C74-43CA-4B41-B0F8-5E52F85B7CD5}"
EndProject
Project("{9A19103F-16F7-4668-BE54-9A1E7A4F7556}") = "Day04", "Day04\Day04.csproj", "{C53E6293-EC9F-4765-9AEB-8481FB7D2F27}"
EndProject
Project("{9A19103F-16F7-4668-BE54-9A1E7A4F7556}") = "Day05", "Day05\Day05.csproj", "{4DE1F6C1-ADB4-4AFF-95D5-2C933EA7182C}"
EndProject
Project("{9A19103F-16F7-4668-BE54-9A1E7A4F7556}") = "Day06", "Day06\Day06.csproj", "{1E383FF4-46B0-4CA8-B5F8-94E002F7162A}"
EndProject
Project("{9A19103F-16F7-4668-BE54-9A1E7A4F7556}") = "Day07", "Day07\Day07.csproj", "{E4616E67-6C46-4B80-A1C7-1963AE7871F1}"
EndProject
Project("{9A19103F-16F7-4668-BE54-9A1E7A4F7556}") = "Day08", "Day08\Day08.csproj", "{8592AF0F-1080-4BA3-A782-0A649F046122}"
EndProject
Project("{FAE04EC0-301F-11D3-BF4B-00C04F79EFBC}") = "Day09", "Day09\Day09.csproj", "{581FEA1C-4F45-4E9E-9E9E-AAF6A079D63A}"
EndProject
Global
	GlobalSection(SolutionConfigurationPlatforms) = preSolution
		Debug|Any CPU = Debug|Any CPU
		Release|Any CPU = Release|Any CPU
	EndGlobalSection
	GlobalSection(ProjectConfigurationPlatforms) = postSolution
		{D4290022-A22D-400E-9E1F-6C97CEE0B978}.Debug|Any CPU.ActiveCfg = Debug|Any CPU
		{D4290022-A22D-400E-9E1F-6C97CEE0B978}.Debug|Any CPU.Build.0 = Debug|Any CPU
		{D4290022-A22D-400E-9E1F-6C97CEE0B978}.Release|Any CPU.ActiveCfg = Release|Any CPU
		{D4290022-A22D-400E-9E1F-6C97CEE0B978}.Release|Any CPU.Build.0 = Release|Any CPU
		{B6F8CB2F-08B4-49DE-BF02-539022E33570}.Debug|Any CPU.ActiveCfg = Debug|Any CPU
		{B6F8CB2F-08B4-49DE-BF02-539022E33570}.Debug|Any CPU.Build.0 = Debug|Any CPU
		{B6F8CB2F-08B4-49DE-BF02-539022E33570}.Release|Any CPU.ActiveCfg = Release|Any CPU
		{B6F8CB2F-08B4-49DE-BF02-539022E33570}.Release|Any CPU.Build.0 = Release|Any CPU
		{4AED3C74-43CA-4B41-B0F8-5E52F85B7CD5}.Debug|Any CPU.ActiveCfg = Debug|Any CPU
		{4AED3C74-43CA-4B41-B0F8-5E52F85B7CD5}.Debug|Any CPU.Build.0 = Debug|Any CPU
		{4AED3C74-43CA-4B41-B0F8-5E52F85B7CD5}.Release|Any CPU.ActiveCfg = Release|Any CPU
		{4AED3C74-43CA-4B41-B0F8-5E52F85B7CD5}.Release|Any CPU.Build.0 = Release|Any CPU
		{C53E6293-EC9F-4765-9AEB-8481FB7D2F27}.Debug|Any CPU.ActiveCfg = Debug|Any CPU
		{C53E6293-EC9F-4765-9AEB-8481FB7D2F27}.Debug|Any CPU.Build.0 = Debug|Any CPU
		{C53E6293-EC9F-4765-9AEB-8481FB7D2F27}.Release|Any CPU.ActiveCfg = Release|Any CPU
		{C53E6293-EC9F-4765-9AEB-8481FB7D2F27}.Release|Any CPU.Build.0 = Release|Any CPU
		{4DE1F6C1-ADB4-4AFF-95D5-2C933EA7182C}.Debug|Any CPU.ActiveCfg = Debug|Any CPU
		{4DE1F6C1-ADB4-4AFF-95D5-2C933EA7182C}.Debug|Any CPU.Build.0 = Debug|Any CPU
		{4DE1F6C1-ADB4-4AFF-95D5-2C933EA7182C}.Release|Any CPU.ActiveCfg = Release|Any CPU
		{4DE1F6C1-ADB4-4AFF-95D5-2C933EA7182C}.Release|Any CPU.Build.0 = Release|Any CPU
		{1E383FF4-46B0-4CA8-B5F8-94E002F7162A}.Debug|Any CPU.ActiveCfg = Debug|Any CPU
		{1E383FF4-46B0-4CA8-B5F8-94E002F7162A}.Debug|Any CPU.Build.0 = Debug|Any CPU
		{1E383FF4-46B0-4CA8-B5F8-94E002F7162A}.Release|Any CPU.ActiveCfg = Release|Any CPU
		{1E383FF4-46B0-4CA8-B5F8-94E002F7162A}.Release|Any CPU.Build.0 = Release|Any CPU
		{E4616E67-6C46-4B80-A1C7-1963AE7871F1}.Debug|Any CPU.ActiveCfg = Debug|Any CPU
		{E4616E67-6C46-4B80-A1C7-1963AE7871F1}.Debug|Any CPU.Build.0 = Debug|Any CPU
		{E4616E67-6C46-4B80-A1C7-1963AE7871F1}.Release|Any CPU.ActiveCfg = Release|Any CPU
		{E4616E67-6C46-4B80-A1C7-1963AE7871F1}.Release|Any CPU.Build.0 = Release|Any CPU
		{8592AF0F-1080-4BA3-A782-0A649F046122}.Debug|Any CPU.ActiveCfg = Debug|Any CPU
		{8592AF0F-1080-4BA3-A782-0A649F046122}.Debug|Any CPU.Build.0 = Debug|Any CPU
		{8592AF0F-1080-4BA3-A782-0A649F046122}.Release|Any CPU.ActiveCfg = Release|Any CPU
		{8592AF0F-1080-4BA3-A782-0A649F046122}.Release|Any CPU.Build.0 = Release|Any CPU
		{581FEA1C-4F45-4E9E-9E9E-AAF6A079D63A}.Debug|Any CPU.ActiveCfg = Debug|Any CPU
		{581FEA1C-4F45-4E9E-9E9E-AAF6A079D63A}.Debug|Any CPU.Build.0 = Debug|Any CPU
		{581FEA1C-4F45-4E9E-9E9E-AAF6A079D63A}.Release|Any CPU.ActiveCfg = Release|Any CPU
		{581FEA1C-4F45-4E9E-9E9E-AAF6A079D63A}.Release|Any CPU.Build.0 = Release|Any CPU
	EndGlobalSection
	GlobalSection(SolutionProperties) = preSolution
		HideSolutionNode = FALSE
	EndGlobalSection
	GlobalSection(ExtensibilityGlobals) = postSolution
		SolutionGuid = {FFD44D8F-1C8F-4A35-AAE1-978FFF42EAA8}
	EndGlobalSection
EndGlobal
